
Microsoft Visual Studio Solution File, Format Version 12.00
# Visual Studio Version 16
VisualStudioVersion = 16.0.32228.343
MinimumVisualStudioVersion = 10.0.40219.1
Project("{9A19103F-16F7-4668-BE54-9A1E7A4F7556}") = "FileTransfer", "FileTransfer.csproj", "{262FF12D-2ADF-4492-8D12-39891815C4D7}"
EndProject
Project("{FAE04EC0-301F-11D3-BF4B-00C04F79EFBC}") = "EventLog", "..\EventLog\EventLog.csproj", "{51AA7BE6-551B-45B9-9675-3F39CAB2CC63}"
EndProject
Global
	GlobalSection(SolutionConfigurationPlatforms) = preSolution
		Debug|Any CPU = Debug|Any CPU
		Release|Any CPU = Release|Any CPU
	EndGlobalSection
	GlobalSection(ProjectConfigurationPlatforms) = postSolution
		{262FF12D-2ADF-4492-8D12-39891815C4D7}.Debug|Any CPU.ActiveCfg = Debug|Any CPU
		{262FF12D-2ADF-4492-8D12-39891815C4D7}.Debug|Any CPU.Build.0 = Debug|Any CPU
		{262FF12D-2ADF-4492-8D12-39891815C4D7}.Release|Any CPU.ActiveCfg = Release|Any CPU
		{262FF12D-2ADF-4492-8D12-39891815C4D7}.Release|Any CPU.Build.0 = Release|Any CPU
		{51AA7BE6-551B-45B9-9675-3F39CAB2CC63}.Debug|Any CPU.ActiveCfg = Debug|Any CPU
		{51AA7BE6-551B-45B9-9675-3F39CAB2CC63}.Debug|Any CPU.Build.0 = Debug|Any CPU
		{51AA7BE6-551B-45B9-9675-3F39CAB2CC63}.Release|Any CPU.ActiveCfg = Release|Any CPU
		{51AA7BE6-551B-45B9-9675-3F39CAB2CC63}.Release|Any CPU.Build.0 = Release|Any CPU
	EndGlobalSection
	GlobalSection(SolutionProperties) = preSolution
		HideSolutionNode = FALSE
	EndGlobalSection
	GlobalSection(ExtensibilityGlobals) = postSolution
		SolutionGuid = {4EDDA3D9-613E-439B-AB3C-6805E6F7FE32}
	EndGlobalSection
EndGlobal
